// !$*UTF8*$!
{
	archiveVersion = 1;
	classes = {
	};
	objectVersion = 46;
	objects = {

/* Begin PBXAggregateTarget section */
		38EB76B016F29F71E290A784 /* All */ = {
			isa = PBXAggregateTarget;
			buildConfigurationList = BA0F3898613C026F8E81F71B /* Build configuration list for PBXAggregateTarget "All" */;
			buildPhases = (
			);
			dependencies = (
				3D351A004A764F1F95772372 /* PBXTargetDependency */,
				0B9F2CAB027CB514DF1B8F8C /* PBXTargetDependency */,
			);
			name = All;
			productName = All;
		};
/* End PBXAggregateTarget section */

/* Begin PBXBuildFile section */
		0C4E0F9A835B3FC6D26289A1 /* libsqlite3.a in Frameworks */ = {isa = PBXBuildFile; fileRef = BC71A0EE582D9EEA90D44254 /* libsqlite3.a */; };
		0EEE89C452F32D1F2A8AAF71 /* libdjinni_jni.a in Frameworks */ = {isa = PBXBuildFile; fileRef = 5CEF27A67FEDB5F3CF0B4E48 /* libdjinni_jni.a */; };
		1B493E0DDA47679F3A9C23EB /* NativeTodo.cpp in Sources */ = {isa = PBXBuildFile; fileRef = 8389F9042520B702AEC301ED /* NativeTodo.cpp */; };
		99608618FECBEA1E591C6722 /* TDATodo+Private.mm in Sources */ = {isa = PBXBuildFile; fileRef = 5B33272B5501A73B79A54796 /* TDATodo+Private.mm */; };
		BC286F54213F324A80629105 /* djinni_main.cpp in Sources */ = {isa = PBXBuildFile; fileRef = C60723BEA664933B5ED0BA6C /* djinni_main.cpp */; };
		C50EED03ADD7CCF096AB514F /* TDATodo.mm in Sources */ = {isa = PBXBuildFile; fileRef = 0FF79751F0D5B0CADAE03514 /* TDATodo.mm */; };
		CEF9700CD514FCCB12F2FA36 /* todo_list_impl.cpp in Sources */ = {isa = PBXBuildFile; fileRef = 710A74D3AAB2B576E482F7CC /* todo_list_impl.cpp */; };
		D6A341C28F8B42934FC09A25 /* TDATodoList+Private.mm in Sources */ = {isa = PBXBuildFile; fileRef = 651E04F81E1096028B0D7D44 /* TDATodoList+Private.mm */; };
		DFA8F3D4B868E28709C86D01 /* NativeTodoList.cpp in Sources */ = {isa = PBXBuildFile; fileRef = 56704A50862D740C379B5A7A /* NativeTodoList.cpp */; };
		FFEDE116F928FE622E07F427 /* todo_list_impl.cpp in Sources */ = {isa = PBXBuildFile; fileRef = 710A74D3AAB2B576E482F7CC /* todo_list_impl.cpp */; };
/* End PBXBuildFile section */

/* Begin PBXContainerItemProxy section */
		19135B900E196E5C2A8096C6 /* PBXContainerItemProxy */ = {
			isa = PBXContainerItemProxy;
			containerPortal = 9669C0E586B57BD5A7266205 /* support_lib.xcodeproj */;
			proxyType = 2;
			remoteGlobalIDString = 0C99AA4F95316AA552A79C55;
			remoteInfo = djinni_objc;
		};
		44F3932E84E6E35E1E94CC49 /* PBXContainerItemProxy */ = {
			isa = PBXContainerItemProxy;
			containerPortal = BD1C39CAFA2A63E5CBC4D51A /* sqlite3.xcodeproj */;
			proxyType = 1;
			remoteGlobalIDString = 7E8C0CF30B4F67B456B17551;
			remoteInfo = sqlite3;
		};
		71DA340379E10911D9084D84 /* PBXContainerItemProxy */ = {
			isa = PBXContainerItemProxy;
			containerPortal = 11797AFFD96381C291F54D9D /* Project object */;
			proxyType = 1;
			remoteGlobalIDString = 833FC42492E9EA882FC12A10;
			remoteInfo = libtodoapp_jni;
		};
		865C408CEDB482338BB5628A /* PBXContainerItemProxy */ = {
			isa = PBXContainerItemProxy;
			containerPortal = 9669C0E586B57BD5A7266205 /* support_lib.xcodeproj */;
			proxyType = 1;
			remoteGlobalIDString = AD97C5F2356EF26110758A40;
			remoteInfo = djinni_jni;
		};
		A3F597F9754465A86A64CD5A /* PBXContainerItemProxy */ = {
			isa = PBXContainerItemProxy;
			containerPortal = 11797AFFD96381C291F54D9D /* Project object */;
			proxyType = 1;
			remoteGlobalIDString = 7090BA1345310F67BFD8FF67;
			remoteInfo = libtodoapp_objc;
		};
		A8AEB5BCE9F82547794E5454 /* PBXContainerItemProxy */ = {
			isa = PBXContainerItemProxy;
			containerPortal = 9669C0E586B57BD5A7266205 /* support_lib.xcodeproj */;
			proxyType = 2;
			remoteGlobalIDString = DC658C749F521B13A5BDCBBC;
			remoteInfo = djinni_jni;
		};
		F0840CA7C1C07C6AE12B068B /* PBXContainerItemProxy */ = {
			isa = PBXContainerItemProxy;
			containerPortal = BD1C39CAFA2A63E5CBC4D51A /* sqlite3.xcodeproj */;
			proxyType = 2;
			remoteGlobalIDString = 7E48F2BBAC1B0A6856E26F26;
			remoteInfo = sqlite3;
		};
/* End PBXContainerItemProxy section */

/* Begin PBXFileReference section */
		05981DF8B344A7387465BEC9 /* libtodoapp.gyp */ = {isa = PBXFileReference; explicitFileType = sourcecode; path = libtodoapp.gyp; sourceTree = "<group>"; };
		0EEAB16E847367051FD0912C /* libtodoapp_jni.dylib */ = {isa = PBXFileReference; explicitFileType = "compiled.mach-o.dylib"; includeInIndex = 0; path = libtodoapp_jni.dylib; sourceTree = BUILT_PRODUCTS_DIR; };
		0FF79751F0D5B0CADAE03514 /* TDATodo.mm */ = {isa = PBXFileReference; lastKnownFileType = sourcecode.cpp.objcpp; path = TDATodo.mm; sourceTree = "<group>"; };
		440782521E4D066D386E5A29 /* common.gypi */ = {isa = PBXFileReference; explicitFileType = sourcecode; name = common.gypi; path = deps/djinni/common.gypi; sourceTree = "<group>"; };
		56704A50862D740C379B5A7A /* NativeTodoList.cpp */ = {isa = PBXFileReference; lastKnownFileType = sourcecode.cpp.cpp; path = NativeTodoList.cpp; sourceTree = "<group>"; };
		59A56DF0330D447C05D9594A /* libtodoapp_objc.a */ = {isa = PBXFileReference; explicitFileType = archive.ar; includeInIndex = 0; path = libtodoapp_objc.a; sourceTree = BUILT_PRODUCTS_DIR; };
		5B33272B5501A73B79A54796 /* TDATodo+Private.mm */ = {isa = PBXFileReference; lastKnownFileType = sourcecode.cpp.objcpp; path = "TDATodo+Private.mm"; sourceTree = "<group>"; };
		651E04F81E1096028B0D7D44 /* TDATodoList+Private.mm */ = {isa = PBXFileReference; lastKnownFileType = sourcecode.cpp.objcpp; path = "TDATodoList+Private.mm"; sourceTree = "<group>"; };
		710A74D3AAB2B576E482F7CC /* todo_list_impl.cpp */ = {isa = PBXFileReference; lastKnownFileType = sourcecode.cpp.cpp; path = todo_list_impl.cpp; sourceTree = "<group>"; };
		8389F9042520B702AEC301ED /* NativeTodo.cpp */ = {isa = PBXFileReference; lastKnownFileType = sourcecode.cpp.cpp; path = NativeTodo.cpp; sourceTree = "<group>"; };
		9669C0E586B57BD5A7266205 /* support_lib.xcodeproj */ = {isa = PBXFileReference; lastKnownFileType = "wrapper.pb-project"; name = support_lib.xcodeproj; path = "build_ios/deps/djinni/support-lib/support_lib.xcodeproj"; sourceTree = SOURCE_ROOT; };
		BD1C39CAFA2A63E5CBC4D51A /* sqlite3.xcodeproj */ = {isa = PBXFileReference; lastKnownFileType = "wrapper.pb-project"; name = sqlite3.xcodeproj; path = build_ios/deps/sqlite3.xcodeproj; sourceTree = SOURCE_ROOT; };
		C60723BEA664933B5ED0BA6C /* djinni_main.cpp */ = {isa = PBXFileReference; lastKnownFileType = sourcecode.cpp.cpp; path = djinni_main.cpp; sourceTree = "<group>"; };
/* End PBXFileReference section */

/* Begin PBXFrameworksBuildPhase section */
		8C142A233327E50E85447537 /* Frameworks */ = {
			isa = PBXFrameworksBuildPhase;
			buildActionMask = 2147483647;
			files = (
			);
			runOnlyForDeploymentPostprocessing = 0;
		};
		973054CDFCA82189D44F4B4B /* Frameworks */ = {
			isa = PBXFrameworksBuildPhase;
			buildActionMask = 2147483647;
			files = (
				0EEE89C452F32D1F2A8AAF71 /* libdjinni_jni.a in Frameworks */,
				0C4E0F9A835B3FC6D26289A1 /* libsqlite3.a in Frameworks */,
			);
			runOnlyForDeploymentPostprocessing = 0;
		};
/* End PBXFrameworksBuildPhase section */

/* Begin PBXGroup section */
		018E9673A4229512835B3F8D /* Products */ = {
			isa = PBXGroup;
			children = (
				BC71A0EE582D9EEA90D44254 /* libsqlite3.a */,
			);
			name = Products;
			sourceTree = "<group>";
		};
		286DB96884A5FF2E510E8962 /* deps/djinni/support-lib/jni */ = {
			isa = PBXGroup;
			children = (
				C60723BEA664933B5ED0BA6C /* djinni_main.cpp */,
			);
			path = "deps/djinni/support-lib/jni";
			sourceTree = "<group>";
		};
		2B68F2FC235835FF9EF2CF8F /* Build */ = {
			isa = PBXGroup;
			children = (
				440782521E4D066D386E5A29 /* common.gypi */,
				05981DF8B344A7387465BEC9 /* libtodoapp.gyp */,
			);
			name = Build;
			sourceTree = "<group>";
		};
		312232D624617B199BAD5126 /* Projects */ = {
			isa = PBXGroup;
			children = (
				BD1C39CAFA2A63E5CBC4D51A /* sqlite3.xcodeproj */,
				9669C0E586B57BD5A7266205 /* support_lib.xcodeproj */,
			);
			name = Projects;
			sourceTree = "<group>";
		};
		45AD9B1A7C5F07254DCE47DA /* objc */ = {
			isa = PBXGroup;
			children = (
				5B33272B5501A73B79A54796 /* TDATodo+Private.mm */,
				0FF79751F0D5B0CADAE03514 /* TDATodo.mm */,
				651E04F81E1096028B0D7D44 /* TDATodoList+Private.mm */,
			);
			path = objc;
			sourceTree = "<group>";
		};
		5249B8C352535E928126B8F8 /* Source */ = {
			isa = PBXGroup;
			children = (
				286DB96884A5FF2E510E8962 /* deps/djinni/support-lib/jni */,
				70A1BC6147CDA50BF11E6E88 /* generated-src */,
				EEB93363055CBF6CD6C35C5C /* src */,
			);
			name = Source;
			sourceTree = "<group>";
		};
		70A1BC6147CDA50BF11E6E88 /* generated-src */ = {
			isa = PBXGroup;
			children = (
				F2F6EF30C3FB6793D355E923 /* jni */,
				45AD9B1A7C5F07254DCE47DA /* objc */,
			);
			path = "generated-src";
			sourceTree = "<group>";
		};
		85DACD5973395CC133214A16 /* Products */ = {
			isa = PBXGroup;
			children = (
				5CEF27A67FEDB5F3CF0B4E48 /* libdjinni_jni.a */,
				A242ED0E7FC284125761EA5E /* libdjinni_objc.a */,
			);
			name = Products;
			sourceTree = "<group>";
		};
		B431D17071B58171E4008AA6 /* Products */ = {
			isa = PBXGroup;
			children = (
				59A56DF0330D447C05D9594A /* libtodoapp_objc.a */,
				0EEAB16E847367051FD0912C /* libtodoapp_jni.dylib */,
			);
			name = Products;
			sourceTree = "<group>";
		};
		EA414D55634D67A1500E7C9F = {
			isa = PBXGroup;
			children = (
				5249B8C352535E928126B8F8 /* Source */,
				312232D624617B199BAD5126 /* Projects */,
				B431D17071B58171E4008AA6 /* Products */,
				2B68F2FC235835FF9EF2CF8F /* Build */,
			);
			sourceTree = "<group>";
		};
		EEB93363055CBF6CD6C35C5C /* src */ = {
			isa = PBXGroup;
			children = (
				710A74D3AAB2B576E482F7CC /* todo_list_impl.cpp */,
			);
			path = src;
			sourceTree = "<group>";
		};
		F2F6EF30C3FB6793D355E923 /* jni */ = {
			isa = PBXGroup;
			children = (
				8389F9042520B702AEC301ED /* NativeTodo.cpp */,
				56704A50862D740C379B5A7A /* NativeTodoList.cpp */,
			);
			path = jni;
			sourceTree = "<group>";
		};
/* End PBXGroup section */

/* Begin PBXNativeTarget section */
		7090BA1345310F67BFD8FF67 /* libtodoapp_objc */ = {
			isa = PBXNativeTarget;
			buildConfigurationList = E77FB19B474D6EE8E0702F0B /* Build configuration list for PBXNativeTarget "libtodoapp_objc" */;
			buildPhases = (
				E1F8746435BD9316469D1F30 /* Sources */,
				8C142A233327E50E85447537 /* Frameworks */,
			);
			buildRules = (
			);
			dependencies = (
			);
			name = libtodoapp_objc;
			productName = todoapp_objc;
			productReference = 59A56DF0330D447C05D9594A /* libtodoapp_objc.a */;
			productType = "com.apple.product-type.library.static";
		};
		833FC42492E9EA882FC12A10 /* libtodoapp_jni */ = {
			isa = PBXNativeTarget;
			buildConfigurationList = CEAE564F37D9E5F8D197E623 /* Build configuration list for PBXNativeTarget "libtodoapp_jni" */;
			buildPhases = (
				7C43500A32DBFABB1DFC5864 /* Sources */,
				973054CDFCA82189D44F4B4B /* Frameworks */,
			);
			buildRules = (
			);
			dependencies = (
				3235BC9090A555B1F561794F /* PBXTargetDependency */,
				FBBE483CD4FA98572AD50F03 /* PBXTargetDependency */,
			);
			name = libtodoapp_jni;
			productName = todoapp_jni;
			productReference = 0EEAB16E847367051FD0912C /* libtodoapp_jni.dylib */;
			productType = "com.apple.product-type.library.dynamic";
		};
/* End PBXNativeTarget section */

/* Begin PBXProject section */
		11797AFFD96381C291F54D9D /* Project object */ = {
			isa = PBXProject;
			attributes = {
				BuildIndependentTargetsInParallel = YES;
			};
			buildConfigurationList = D7488850FB340CBC0F8B4FF4 /* Build configuration list for PBXProject "libtodoapp" */;
			compatibilityVersion = "Xcode 3.2";
			hasScannedForEncodings = 1;
			mainGroup = EA414D55634D67A1500E7C9F;
			projectDirPath = ..;
			projectReferences = (
				{
					ProductGroup = 018E9673A4229512835B3F8D /* Products */;
					ProjectRef = BD1C39CAFA2A63E5CBC4D51A /* sqlite3.xcodeproj */;
				},
				{
					ProductGroup = 85DACD5973395CC133214A16 /* Products */;
					ProjectRef = 9669C0E586B57BD5A7266205 /* support_lib.xcodeproj */;
				},
			);
			projectRoot = "";
			targets = (
				38EB76B016F29F71E290A784 /* All */,
				7090BA1345310F67BFD8FF67 /* libtodoapp_objc */,
				833FC42492E9EA882FC12A10 /* libtodoapp_jni */,
			);
		};
/* End PBXProject section */

/* Begin PBXReferenceProxy section */
		5CEF27A67FEDB5F3CF0B4E48 /* libdjinni_jni.a */ = {
			isa = PBXReferenceProxy;
			fileType = archive.ar;
			path = libdjinni_jni.a;
			remoteRef = A8AEB5BCE9F82547794E5454 /* PBXContainerItemProxy */;
			sourceTree = BUILT_PRODUCTS_DIR;
		};
		A242ED0E7FC284125761EA5E /* libdjinni_objc.a */ = {
			isa = PBXReferenceProxy;
			fileType = archive.ar;
			path = libdjinni_objc.a;
			remoteRef = 19135B900E196E5C2A8096C6 /* PBXContainerItemProxy */;
			sourceTree = BUILT_PRODUCTS_DIR;
		};
		BC71A0EE582D9EEA90D44254 /* libsqlite3.a */ = {
			isa = PBXReferenceProxy;
			fileType = archive.ar;
			path = libsqlite3.a;
			remoteRef = F0840CA7C1C07C6AE12B068B /* PBXContainerItemProxy */;
			sourceTree = BUILT_PRODUCTS_DIR;
		};
/* End PBXReferenceProxy section */

/* Begin PBXSourcesBuildPhase section */
		7C43500A32DBFABB1DFC5864 /* Sources */ = {
			isa = PBXSourcesBuildPhase;
			buildActionMask = 2147483647;
			files = (
				BC286F54213F324A80629105 /* djinni_main.cpp in Sources */,
				1B493E0DDA47679F3A9C23EB /* NativeTodo.cpp in Sources */,
				DFA8F3D4B868E28709C86D01 /* NativeTodoList.cpp in Sources */,
				CEF9700CD514FCCB12F2FA36 /* todo_list_impl.cpp in Sources */,
			);
			runOnlyForDeploymentPostprocessing = 0;
		};
		E1F8746435BD9316469D1F30 /* Sources */ = {
			isa = PBXSourcesBuildPhase;
			buildActionMask = 2147483647;
			files = (
				99608618FECBEA1E591C6722 /* TDATodo+Private.mm in Sources */,
				C50EED03ADD7CCF096AB514F /* TDATodo.mm in Sources */,
				D6A341C28F8B42934FC09A25 /* TDATodoList+Private.mm in Sources */,
				FFEDE116F928FE622E07F427 /* todo_list_impl.cpp in Sources */,
			);
			runOnlyForDeploymentPostprocessing = 0;
		};
/* End PBXSourcesBuildPhase section */

/* Begin PBXTargetDependency section */
		0B9F2CAB027CB514DF1B8F8C /* PBXTargetDependency */ = {
			isa = PBXTargetDependency;
			target = 833FC42492E9EA882FC12A10 /* libtodoapp_jni */;
			targetProxy = 71DA340379E10911D9084D84 /* PBXContainerItemProxy */;
		};
		3235BC9090A555B1F561794F /* PBXTargetDependency */ = {
			isa = PBXTargetDependency;
			name = djinni_jni;
			targetProxy = 865C408CEDB482338BB5628A /* PBXContainerItemProxy */;
		};
		3D351A004A764F1F95772372 /* PBXTargetDependency */ = {
			isa = PBXTargetDependency;
			target = 7090BA1345310F67BFD8FF67 /* libtodoapp_objc */;
			targetProxy = A3F597F9754465A86A64CD5A /* PBXContainerItemProxy */;
		};
		FBBE483CD4FA98572AD50F03 /* PBXTargetDependency */ = {
			isa = PBXTargetDependency;
			name = sqlite3;
			targetProxy = 44F3932E84E6E35E1E94CC49 /* PBXContainerItemProxy */;
		};
/* End PBXTargetDependency section */

/* Begin XCBuildConfiguration section */
		17D3D80D62B5C24AA72B8CB7 /* Release */ = {
			isa = XCBuildConfiguration;
			buildSettings = {
				CLANG_CXX_LANGUAGE_STANDARD = "c++11";
				CLANG_CXX_LIBRARY = "libc++";
				CLANG_ENABLE_OBJC_ARC = YES;
				DEAD_CODE_STRIPPING = YES;
				EXECUTABLE_PREFIX = lib;
				GCC_PREPROCESSOR_DEFINITIONS = "NDEBUG=1";
				HEADER_SEARCH_PATHS = (
					"generated-src/objc",
					"generated-src/cpp",
					src,
					deps,
					deps/sqlite3,
					"deps/djinni/support-lib/objc",
				);
				OTHER_CFLAGS = "-Wall";
				OTHER_CPLUSPLUSFLAGS = "-Wall";
				PRODUCT_NAME = todoapp_objc;
				SDKROOT = iphoneos;
				SKIP_INSTALL = YES;
				SUPPORTED_PLATFORMS = "iphonesimulator iphoneos";
			};
			name = Release;
		};
		2EAE506F07B01AA4F338E25D /* Debug */ = {
			isa = XCBuildConfiguration;
			buildSettings = {
				PRODUCT_NAME = All;
			};
			name = Debug;
		};
		40DBE86B236284CF9F7EE98E /* Release */ = {
			isa = XCBuildConfiguration;
			buildSettings = {
				CLANG_CXX_LANGUAGE_STANDARD = "c++11";
				CLANG_CXX_LIBRARY = "libc++";
				CLANG_ENABLE_OBJC_ARC = YES;
				DEAD_CODE_STRIPPING = YES;
				EXECUTABLE_PREFIX = lib;
				GCC_PREPROCESSOR_DEFINITIONS = "NDEBUG=1";
				HEADER_SEARCH_PATHS = (
					"generated-src/jni",
					"generated-src/cpp",
					src,
					deps,
					deps/sqlite3,
					"deps/djinni/support-lib/jni",
				);
				OTHER_CFLAGS = "-Wall";
				OTHER_CPLUSPLUSFLAGS = "-Wall";
				PRODUCT_NAME = todoapp_jni;
				SDKROOT = iphoneos;
				SKIP_INSTALL = YES;
				SUPPORTED_PLATFORMS = "iphonesimulator iphoneos";
			};
			name = Release;
		};
		48CA9DEF90DD8AE4211CB5A3 /* Release */ = {
			isa = XCBuildConfiguration;
			buildSettings = {
				INTERMEDIATE_DIR = "$(PROJECT_DERIVED_FILE_DIR)/$(CONFIGURATION)";
				SHARED_INTERMEDIATE_DIR = "$(SYMROOT)/DerivedSources/$(CONFIGURATION)";
			};
			name = Release;
		};
		941B1A3B9A72292F7D007697 /* Debug */ = {
			isa = XCBuildConfiguration;
			buildSettings = {
				INTERMEDIATE_DIR = "$(PROJECT_DERIVED_FILE_DIR)/$(CONFIGURATION)";
				SHARED_INTERMEDIATE_DIR = "$(SYMROOT)/DerivedSources/$(CONFIGURATION)";
			};
			name = Debug;
		};
		B42630E06E259907C2706188 /* Release */ = {
			isa = XCBuildConfiguration;
			buildSettings = {
				PRODUCT_NAME = All;
			};
			name = Release;
		};
		BE399DDFED2024B361B3A24D /* Debug */ = {
			isa = XCBuildConfiguration;
			buildSettings = {
				CLANG_CXX_LANGUAGE_STANDARD = "c++11";
				CLANG_CXX_LIBRARY = "libc++";
				CLANG_ENABLE_OBJC_ARC = YES;
				DEAD_CODE_STRIPPING = YES;
				EXECUTABLE_PREFIX = lib;
				GCC_PREPROCESSOR_DEFINITIONS = "DEBUG=1";
				HEADER_SEARCH_PATHS = (
					"generated-src/jni",
					"generated-src/cpp",
					src,
					deps,
					deps/sqlite3,
					"deps/djinni/support-lib/jni",
				);
				ONLY_ACTIVE_ARCH = YES;
				OTHER_CFLAGS = "-Wall";
				OTHER_CPLUSPLUSFLAGS = "-Wall";
				PRODUCT_NAME = todoapp_jni;
				SDKROOT = iphoneos;
				SKIP_INSTALL = YES;
				SUPPORTED_PLATFORMS = "iphonesimulator iphoneos";
			};
			name = Debug;
		};
		EFA9F8458FCE12DCD591C757 /* Debug */ = {
			isa = XCBuildConfiguration;
			buildSettings = {
				CLANG_CXX_LANGUAGE_STANDARD = "c++11";
				CLANG_CXX_LIBRARY = "libc++";
				CLANG_ENABLE_OBJC_ARC = YES;
				DEAD_CODE_STRIPPING = YES;
				EXECUTABLE_PREFIX = lib;
				GCC_PREPROCESSOR_DEFINITIONS = "DEBUG=1";
				HEADER_SEARCH_PATHS = (
					"generated-src/objc",
					"generated-src/cpp",
					src,
					deps,
					deps/sqlite3,
					"deps/djinni/support-lib/objc",
				);
				ONLY_ACTIVE_ARCH = YES;
				OTHER_CFLAGS = "-Wall";
				OTHER_CPLUSPLUSFLAGS = "-Wall";
				PRODUCT_NAME = todoapp_objc;
				SDKROOT = iphoneos;
				SKIP_INSTALL = YES;
				SUPPORTED_PLATFORMS = "iphonesimulator iphoneos";
			};
			name = Debug;
		};
/* End XCBuildConfiguration section */

/* Begin XCConfigurationList section */
		BA0F3898613C026F8E81F71B /* Build configuration list for PBXAggregateTarget "All" */ = {
			isa = XCConfigurationList;
			buildConfigurations = (
				2EAE506F07B01AA4F338E25D /* Debug */,
				B42630E06E259907C2706188 /* Release */,
			);
			defaultConfigurationIsVisible = 1;
			defaultConfigurationName = Debug;
		};
		CEAE564F37D9E5F8D197E623 /* Build configuration list for PBXNativeTarget "libtodoapp_jni" */ = {
			isa = XCConfigurationList;
			buildConfigurations = (
				BE399DDFED2024B361B3A24D /* Debug */,
				40DBE86B236284CF9F7EE98E /* Release */,
			);
			defaultConfigurationIsVisible = 1;
			defaultConfigurationName = Debug;
		};
		D7488850FB340CBC0F8B4FF4 /* Build configuration list for PBXProject "libtodoapp" */ = {
			isa = XCConfigurationList;
			buildConfigurations = (
				941B1A3B9A72292F7D007697 /* Debug */,
				48CA9DEF90DD8AE4211CB5A3 /* Release */,
			);
			defaultConfigurationIsVisible = 1;
			defaultConfigurationName = Debug;
		};
		E77FB19B474D6EE8E0702F0B /* Build configuration list for PBXNativeTarget "libtodoapp_objc" */ = {
			isa = XCConfigurationList;
			buildConfigurations = (
				EFA9F8458FCE12DCD591C757 /* Debug */,
				17D3D80D62B5C24AA72B8CB7 /* Release */,
			);
			defaultConfigurationIsVisible = 1;
			defaultConfigurationName = Debug;
		};
/* End XCConfigurationList section */
	};
	rootObject = 11797AFFD96381C291F54D9D /* Project object */;
}
