// !$*UTF8*$!
{
	archiveVersion = 1;
	classes = {
	};
	objectVersion = 46;
	objects = {

/* Begin PBXBuildFile section */
		F15245D21BA0DC9C006D9799 /* main.mm in Sources */ = {isa = PBXBuildFile; fileRef = F15245D11BA0DC9C006D9799 /* main.mm */; };
		F15245D51BA0DC9C006D9799 /* AppDelegate.m in Sources */ = {isa = PBXBuildFile; fileRef = F15245D41BA0DC9C006D9799 /* AppDelegate.m */; };
		F15245D81BA0DC9C006D9799 /* ViewController.m in Sources */ = {isa = PBXBuildFile; fileRef = F15245D71BA0DC9C006D9799 /* ViewController.m */; };
		F15245DB1BA0DC9C006D9799 /* Main.storyboard in Resources */ = {isa = PBXBuildFile; fileRef = F15245D91BA0DC9C006D9799 /* Main.storyboard */; };
		F15245DD1BA0DC9C006D9799 /* Images.xcassets in Resources */ = {isa = PBXBuildFile; fileRef = F15245DC1BA0DC9C006D9799 /* Images.xcassets */; };
		F15245E01BA0DC9C006D9799 /* LaunchScreen.xib in Resources */ = {isa = PBXBuildFile; fileRef = F15245DE1BA0DC9C006D9799 /* LaunchScreen.xib */; };
		F15245EC1BA0DC9C006D9799 /* TodoAppTests.m in Sources */ = {isa = PBXBuildFile; fileRef = F15245EB1BA0DC9C006D9799 /* TodoAppTests.m */; };
		F15245FA1BA0DD55006D9799 /* libdjinni_objc.a in Frameworks */ = {isa = PBXBuildFile; fileRef = F15245F71BA0DD55006D9799 /* libdjinni_objc.a */; };
		F15245FB1BA0DD55006D9799 /* libsqlite3.a in Frameworks */ = {isa = PBXBuildFile; fileRef = F15245F81BA0DD55006D9799 /* libsqlite3.a */; };
		F15245FC1BA0DD55006D9799 /* libtodoapp_objc.a in Frameworks */ = {isa = PBXBuildFile; fileRef = F15245F91BA0DD55006D9799 /* libtodoapp_objc.a */; };
/* End PBXBuildFile section */

/* Begin PBXContainerItemProxy section */
		F15245E61BA0DC9C006D9799 /* PBXContainerItemProxy */ = {
			isa = PBXContainerItemProxy;
			containerPortal = F15245C41BA0DC9C006D9799 /* Project object */;
			proxyType = 1;
			remoteGlobalIDString = F15245CB1BA0DC9C006D9799;
			remoteInfo = TodoApp;
		};
/* End PBXContainerItemProxy section */

/* Begin PBXFileReference section */
		F15245CC1BA0DC9C006D9799 /* TodoApp.app */ = {isa = PBXFileReference; explicitFileType = wrapper.application; includeInIndex = 0; path = TodoApp.app; sourceTree = BUILT_PRODUCTS_DIR; };
		F15245D01BA0DC9C006D9799 /* Info.plist */ = {isa = PBXFileReference; lastKnownFileType = text.plist.xml; path = Info.plist; sourceTree = "<group>"; };
		F15245D11BA0DC9C006D9799 /* main.mm */ = {isa = PBXFileReference; lastKnownFileType = sourcecode.cpp.objcpp; path = main.mm; sourceTree = "<group>"; };
		F15245D31BA0DC9C006D9799 /* AppDelegate.h */ = {isa = PBXFileReference; lastKnownFileType = sourcecode.c.h; path = AppDelegate.h; sourceTree = "<group>"; };
		F15245D41BA0DC9C006D9799 /* AppDelegate.m */ = {isa = PBXFileReference; lastKnownFileType = sourcecode.c.objc; path = AppDelegate.m; sourceTree = "<group>"; };
		F15245D61BA0DC9C006D9799 /* ViewController.h */ = {isa = PBXFileReference; lastKnownFileType = sourcecode.c.h; path = ViewController.h; sourceTree = "<group>"; };
		F15245D71BA0DC9C006D9799 /* ViewController.m */ = {isa = PBXFileReference; lastKnownFileType = sourcecode.c.objc; path = ViewController.m; sourceTree = "<group>"; };
		F15245DA1BA0DC9C006D9799 /* Base */ = {isa = PBXFileReference; lastKnownFileType = file.storyboard; name = Base; path = Base.lproj/Main.storyboard; sourceTree = "<group>"; };
		F15245DC1BA0DC9C006D9799 /* Images.xcassets */ = {isa = PBXFileReference; lastKnownFileType = folder.assetcatalog; path = Images.xcassets; sourceTree = "<group>"; };
		F15245DF1BA0DC9C006D9799 /* Base */ = {isa = PBXFileReference; lastKnownFileType = file.xib; name = Base; path = Base.lproj/LaunchScreen.xib; sourceTree = "<group>"; };
		F15245E51BA0DC9C006D9799 /* TodoAppTests.xctest */ = {isa = PBXFileReference; explicitFileType = wrapper.cfbundle; includeInIndex = 0; path = TodoAppTests.xctest; sourceTree = BUILT_PRODUCTS_DIR; };
		F15245EA1BA0DC9C006D9799 /* Info.plist */ = {isa = PBXFileReference; lastKnownFileType = text.plist.xml; path = Info.plist; sourceTree = "<group>"; };
		F15245EB1BA0DC9C006D9799 /* TodoAppTests.m */ = {isa = PBXFileReference; lastKnownFileType = sourcecode.c.objc; path = TodoAppTests.m; sourceTree = "<group>"; };
		F15245F71BA0DD55006D9799 /* libdjinni_objc.a */ = {isa = PBXFileReference; lastKnownFileType = archive.ar; name = libdjinni_objc.a; path = "../../deps/djinni/support-lib/build/Debug-iphoneos/libdjinni_objc.a"; sourceTree = "<group>"; };
		F15245F81BA0DD55006D9799 /* libsqlite3.a */ = {isa = PBXFileReference; lastKnownFileType = archive.ar; name = libsqlite3.a; path = "../../deps/build/Debug-iphoneos/libsqlite3.a"; sourceTree = "<group>"; };
		F15245F91BA0DD55006D9799 /* libtodoapp_objc.a */ = {isa = PBXFileReference; lastKnownFileType = archive.ar; name = libtodoapp_objc.a; path = "../../build/Debug-iphoneos/libtodoapp_objc.a"; sourceTree = "<group>"; };
/* End PBXFileReference section */

/* Begin PBXFrameworksBuildPhase section */
		F15245C91BA0DC9C006D9799 /* Frameworks */ = {
			isa = PBXFrameworksBuildPhase;
			buildActionMask = 2147483647;
			files = (
				F15245FA1BA0DD55006D9799 /* libdjinni_objc.a in Frameworks */,
				F15245FB1BA0DD55006D9799 /* libsqlite3.a in Frameworks */,
				F15245FC1BA0DD55006D9799 /* libtodoapp_objc.a in Frameworks */,
			);
			runOnlyForDeploymentPostprocessing = 0;
		};
		F15245E21BA0DC9C006D9799 /* Frameworks */ = {
			isa = PBXFrameworksBuildPhase;
			buildActionMask = 2147483647;
			files = (
			);
			runOnlyForDeploymentPostprocessing = 0;
		};
/* End PBXFrameworksBuildPhase section */

/* Begin PBXGroup section */
		F15245C31BA0DC9C006D9799 = {
			isa = PBXGroup;
			children = (
				F15245F71BA0DD55006D9799 /* libdjinni_objc.a */,
				F15245F81BA0DD55006D9799 /* libsqlite3.a */,
				F15245F91BA0DD55006D9799 /* libtodoapp_objc.a */,
				F15245CE1BA0DC9C006D9799 /* TodoApp */,
				F15245E81BA0DC9C006D9799 /* TodoAppTests */,
				F15245CD1BA0DC9C006D9799 /* Products */,
			);
			sourceTree = "<group>";
		};
		F15245CD1BA0DC9C006D9799 /* Products */ = {
			isa = PBXGroup;
			children = (
				F15245CC1BA0DC9C006D9799 /* TodoApp.app */,
				F15245E51BA0DC9C006D9799 /* TodoAppTests.xctest */,
			);
			name = Products;
			sourceTree = "<group>";
		};
		F15245CE1BA0DC9C006D9799 /* TodoApp */ = {
			isa = PBXGroup;
			children = (
				F15245D31BA0DC9C006D9799 /* AppDelegate.h */,
				F15245D41BA0DC9C006D9799 /* AppDelegate.m */,
				F15245D61BA0DC9C006D9799 /* ViewController.h */,
				F15245D71BA0DC9C006D9799 /* ViewController.m */,
				F15245D91BA0DC9C006D9799 /* Main.storyboard */,
				F15245DC1BA0DC9C006D9799 /* Images.xcassets */,
				F15245DE1BA0DC9C006D9799 /* LaunchScreen.xib */,
				F15245CF1BA0DC9C006D9799 /* Supporting Files */,
			);
			path = TodoApp;
			sourceTree = "<group>";
		};
		F15245CF1BA0DC9C006D9799 /* Supporting Files */ = {
			isa = PBXGroup;
			children = (
				F15245D01BA0DC9C006D9799 /* Info.plist */,
				F15245D11BA0DC9C006D9799 /* main.mm */,
			);
			name = "Supporting Files";
			sourceTree = "<group>";
		};
		F15245E81BA0DC9C006D9799 /* TodoAppTests */ = {
			isa = PBXGroup;
			children = (
				F15245EB1BA0DC9C006D9799 /* TodoAppTests.m */,
				F15245E91BA0DC9C006D9799 /* Supporting Files */,
			);
			path = TodoAppTests;
			sourceTree = "<group>";
		};
		F15245E91BA0DC9C006D9799 /* Supporting Files */ = {
			isa = PBXGroup;
			children = (
				F15245EA1BA0DC9C006D9799 /* Info.plist */,
			);
			name = "Supporting Files";
			sourceTree = "<group>";
		};
/* End PBXGroup section */

/* Begin PBXNativeTarget section */
		F15245CB1BA0DC9C006D9799 /* TodoApp */ = {
			isa = PBXNativeTarget;
			buildConfigurationList = F15245EF1BA0DC9C006D9799 /* Build configuration list for PBXNativeTarget "TodoApp" */;
			buildPhases = (
				F15245C81BA0DC9C006D9799 /* Sources */,
				F15245C91BA0DC9C006D9799 /* Frameworks */,
				F15245CA1BA0DC9C006D9799 /* Resources */,
			);
			buildRules = (
			);
			dependencies = (
			);
			name = TodoApp;
			productName = TodoApp;
			productReference = F15245CC1BA0DC9C006D9799 /* TodoApp.app */;
			productType = "com.apple.product-type.application";
		};
		F15245E41BA0DC9C006D9799 /* TodoAppTests */ = {
			isa = PBXNativeTarget;
			buildConfigurationList = F15245F21BA0DC9C006D9799 /* Build configuration list for PBXNativeTarget "TodoAppTests" */;
			buildPhases = (
				F15245E11BA0DC9C006D9799 /* Sources */,
				F15245E21BA0DC9C006D9799 /* Frameworks */,
				F15245E31BA0DC9C006D9799 /* Resources */,
			);
			buildRules = (
			);
			dependencies = (
				F15245E71BA0DC9C006D9799 /* PBXTargetDependency */,
			);
			name = TodoAppTests;
			productName = TodoAppTests;
			productReference = F15245E51BA0DC9C006D9799 /* TodoAppTests.xctest */;
			productType = "com.apple.product-type.bundle.unit-test";
		};
/* End PBXNativeTarget section */

/* Begin PBXProject section */
		F15245C41BA0DC9C006D9799 /* Project object */ = {
			isa = PBXProject;
			attributes = {
				LastUpgradeCheck = 0640;
				ORGANIZATIONNAME = "My Company";
				TargetAttributes = {
					F15245CB1BA0DC9C006D9799 = {
						CreatedOnToolsVersion = 6.4;
					};
					F15245E41BA0DC9C006D9799 = {
						CreatedOnToolsVersion = 6.4;
						TestTargetID = F15245CB1BA0DC9C006D9799;
					};
				};
			};
			buildConfigurationList = F15245C71BA0DC9C006D9799 /* Build configuration list for PBXProject "TodoApp" */;
			compatibilityVersion = "Xcode 3.2";
			developmentRegion = English;
			hasScannedForEncodings = 0;
			knownRegions = (
				en,
				Base,
			);
			mainGroup = F15245C31BA0DC9C006D9799;
			productRefGroup = F15245CD1BA0DC9C006D9799 /* Products */;
			projectDirPath = "";
			projectRoot = "";
			targets = (
				F15245CB1BA0DC9C006D9799 /* TodoApp */,
				F15245E41BA0DC9C006D9799 /* TodoAppTests */,
			);
		};
/* End PBXProject section */

/* Begin PBXResourcesBuildPhase section */
		F15245CA1BA0DC9C006D9799 /* Resources */ = {
			isa = PBXResourcesBuildPhase;
			buildActionMask = 2147483647;
			files = (
				F15245DB1BA0DC9C006D9799 /* Main.storyboard in Resources */,
				F15245E01BA0DC9C006D9799 /* LaunchScreen.xib in Resources */,
				F15245DD1BA0DC9C006D9799 /* Images.xcassets in Resources */,
			);
			runOnlyForDeploymentPostprocessing = 0;
		};
		F15245E31BA0DC9C006D9799 /* Resources */ = {
			isa = PBXResourcesBuildPhase;
			buildActionMask = 2147483647;
			files = (
			);
			runOnlyForDeploymentPostprocessing = 0;
		};
/* End PBXResourcesBuildPhase section */

/* Begin PBXSourcesBuildPhase section */
		F15245C81BA0DC9C006D9799 /* Sources */ = {
			isa = PBXSourcesBuildPhase;
			buildActionMask = 2147483647;
			files = (
				F15245D81BA0DC9C006D9799 /* ViewController.m in Sources */,
				F15245D51BA0DC9C006D9799 /* AppDelegate.m in Sources */,
				F15245D21BA0DC9C006D9799 /* main.mm in Sources */,
			);
			runOnlyForDeploymentPostprocessing = 0;
		};
		F15245E11BA0DC9C006D9799 /* Sources */ = {
			isa = PBXSourcesBuildPhase;
			buildActionMask = 2147483647;
			files = (
				F15245EC1BA0DC9C006D9799 /* TodoAppTests.m in Sources */,
			);
			runOnlyForDeploymentPostprocessing = 0;
		};
/* End PBXSourcesBuildPhase section */

/* Begin PBXTargetDependency section */
		F15245E71BA0DC9C006D9799 /* PBXTargetDependency */ = {
			isa = PBXTargetDependency;
			target = F15245CB1BA0DC9C006D9799 /* TodoApp */;
			targetProxy = F15245E61BA0DC9C006D9799 /* PBXContainerItemProxy */;
		};
/* End PBXTargetDependency section */

/* Begin PBXVariantGroup section */
		F15245D91BA0DC9C006D9799 /* Main.storyboard */ = {
			isa = PBXVariantGroup;
			children = (
				F15245DA1BA0DC9C006D9799 /* Base */,
			);
			name = Main.storyboard;
			sourceTree = "<group>";
		};
		F15245DE1BA0DC9C006D9799 /* LaunchScreen.xib */ = {
			isa = PBXVariantGroup;
			children = (
				F15245DF1BA0DC9C006D9799 /* Base */,
			);
			name = LaunchScreen.xib;
			sourceTree = "<group>";
		};
/* End PBXVariantGroup section */

/* Begin XCBuildConfiguration section */
		F15245ED1BA0DC9C006D9799 /* Debug */ = {
			isa = XCBuildConfiguration;
			buildSettings = {
				ALWAYS_SEARCH_USER_PATHS = NO;
				CLANG_CXX_LANGUAGE_STANDARD = "gnu++0x";
				CLANG_CXX_LIBRARY = "libc++";
				CLANG_ENABLE_MODULES = YES;
				CLANG_ENABLE_OBJC_ARC = YES;
				CLANG_WARN_BOOL_CONVERSION = YES;
				CLANG_WARN_CONSTANT_CONVERSION = YES;
				CLANG_WARN_DIRECT_OBJC_ISA_USAGE = YES_ERROR;
				CLANG_WARN_EMPTY_BODY = YES;
				CLANG_WARN_ENUM_CONVERSION = YES;
				CLANG_WARN_INT_CONVERSION = YES;
				CLANG_WARN_OBJC_ROOT_CLASS = YES_ERROR;
				CLANG_WARN_UNREACHABLE_CODE = YES;
				CLANG_WARN__DUPLICATE_METHOD_MATCH = YES;
				"CODE_SIGN_IDENTITY[sdk=iphoneos*]" = "iPhone Developer";
				COPY_PHASE_STRIP = NO;
				DEBUG_INFORMATION_FORMAT = "dwarf-with-dsym";
				ENABLE_STRICT_OBJC_MSGSEND = YES;
				GCC_C_LANGUAGE_STANDARD = gnu99;
				GCC_DYNAMIC_NO_PIC = NO;
				GCC_NO_COMMON_BLOCKS = YES;
				GCC_OPTIMIZATION_LEVEL = 0;
				GCC_PREPROCESSOR_DEFINITIONS = (
					"DEBUG=1",
					"$(inherited)",
				);
				GCC_SYMBOLS_PRIVATE_EXTERN = NO;
				GCC_WARN_64_TO_32_BIT_CONVERSION = YES;
				GCC_WARN_ABOUT_RETURN_TYPE = YES_ERROR;
				GCC_WARN_UNDECLARED_SELECTOR = YES;
				GCC_WARN_UNINITIALIZED_AUTOS = YES_AGGRESSIVE;
				GCC_WARN_UNUSED_FUNCTION = YES;
				GCC_WARN_UNUSED_VARIABLE = YES;
				IPHONEOS_DEPLOYMENT_TARGET = 8.4;
				MTL_ENABLE_DEBUG_INFO = YES;
				ONLY_ACTIVE_ARCH = YES;
				SDKROOT = iphoneos;
				TARGETED_DEVICE_FAMILY = "1,2";
			};
			name = Debug;
		};
		F15245EE1BA0DC9C006D9799 /* Release */ = {
			isa = XCBuildConfiguration;
			buildSettings = {
				ALWAYS_SEARCH_USER_PATHS = NO;
				CLANG_CXX_LANGUAGE_STANDARD = "gnu++0x";
				CLANG_CXX_LIBRARY = "libc++";
				CLANG_ENABLE_MODULES = YES;
				CLANG_ENABLE_OBJC_ARC = YES;
				CLANG_WARN_BOOL_CONVERSION = YES;
				CLANG_WARN_CONSTANT_CONVERSION = YES;
				CLANG_WARN_DIRECT_OBJC_ISA_USAGE = YES_ERROR;
				CLANG_WARN_EMPTY_BODY = YES;
				CLANG_WARN_ENUM_CONVERSION = YES;
				CLANG_WARN_INT_CONVERSION = YES;
				CLANG_WARN_OBJC_ROOT_CLASS = YES_ERROR;
				CLANG_WARN_UNREACHABLE_CODE = YES;
				CLANG_WARN__DUPLICATE_METHOD_MATCH = YES;
				"CODE_SIGN_IDENTITY[sdk=iphoneos*]" = "iPhone Developer";
				COPY_PHASE_STRIP = NO;
				DEBUG_INFORMATION_FORMAT = "dwarf-with-dsym";
				ENABLE_NS_ASSERTIONS = NO;
				ENABLE_STRICT_OBJC_MSGSEND = YES;
				GCC_C_LANGUAGE_STANDARD = gnu99;
				GCC_NO_COMMON_BLOCKS = YES;
				GCC_WARN_64_TO_32_BIT_CONVERSION = YES;
				GCC_WARN_ABOUT_RETURN_TYPE = YES_ERROR;
				GCC_WARN_UNDECLARED_SELECTOR = YES;
				GCC_WARN_UNINITIALIZED_AUTOS = YES_AGGRESSIVE;
				GCC_WARN_UNUSED_FUNCTION = YES;
				GCC_WARN_UNUSED_VARIABLE = YES;
				IPHONEOS_DEPLOYMENT_TARGET = 8.4;
				MTL_ENABLE_DEBUG_INFO = NO;
				SDKROOT = iphoneos;
				TARGETED_DEVICE_FAMILY = "1,2";
				VALIDATE_PRODUCT = YES;
			};
			name = Release;
		};
		F15245F01BA0DC9C006D9799 /* Debug */ = {
			isa = XCBuildConfiguration;
			buildSettings = {
				ASSETCATALOG_COMPILER_APPICON_NAME = AppIcon;
				INFOPLIST_FILE = TodoApp/Info.plist;
				LD_RUNPATH_SEARCH_PATHS = "$(inherited) @executable_path/Frameworks";
				LIBRARY_SEARCH_PATHS = (
					"$(inherited)",
					"/Users/stephenspann/Apps/tutorial-test/deps/djinni/support-lib/build/Debug-iphoneos",
					"/Users/stephenspann/Apps/tutorial-test/deps/build/Debug-iphoneos",
					"/Users/stephenspann/Apps/tutorial-test/build/Debug-iphoneos",
				);
				PRODUCT_NAME = "$(TARGET_NAME)";
				USER_HEADER_SEARCH_PATHS = "$(SRCROOT)/../../deps/sqlite3 $(SRCROOT)/../../generated-src/objc $(SRCROOT)/../../deps/djinni/support-lib/objc";
			};
			name = Debug;
		};
		F15245F11BA0DC9C006D9799 /* Release */ = {
			isa = XCBuildConfiguration;
			buildSettings = {
				ASSETCATALOG_COMPILER_APPICON_NAME = AppIcon;
				INFOPLIST_FILE = TodoApp/Info.plist;
				LD_RUNPATH_SEARCH_PATHS = "$(inherited) @executable_path/Frameworks";
				LIBRARY_SEARCH_PATHS = (
					"$(inherited)",
					"/Users/stephenspann/Apps/tutorial-test/deps/djinni/support-lib/build/Debug-iphoneos",
					"/Users/stephenspann/Apps/tutorial-test/deps/build/Debug-iphoneos",
					"/Users/stephenspann/Apps/tutorial-test/build/Debug-iphoneos",
				);
				PRODUCT_NAME = "$(TARGET_NAME)";
				USER_HEADER_SEARCH_PATHS = "$(SRCROOT)/../../deps/sqlite3 $(SRCROOT)/../../generated-src/objc $(SRCROOT)/../../deps/djinni/support-lib/objc";
			};
			name = Release;
		};
		F15245F31BA0DC9C006D9799 /* Debug */ = {
			isa = XCBuildConfiguration;
			buildSettings = {
				BUNDLE_LOADER = "$(TEST_HOST)";
				FRAMEWORK_SEARCH_PATHS = (
					"$(SDKROOT)/Developer/Library/Frameworks",
					"$(inherited)",
				);
				GCC_PREPROCESSOR_DEFINITIONS = (
					"DEBUG=1",
					"$(inherited)",
				);
				INFOPLIST_FILE = TodoAppTests/Info.plist;
				LD_RUNPATH_SEARCH_PATHS = "$(inherited) @executable_path/Frameworks @loader_path/Frameworks";
				PRODUCT_NAME = "$(TARGET_NAME)";
				TEST_HOST = "$(BUILT_PRODUCTS_DIR)/TodoApp.app/TodoApp";
			};
			name = Debug;
		};
		F15245F41BA0DC9C006D9799 /* Release */ = {
			isa = XCBuildConfiguration;
			buildSettings = {
				BUNDLE_LOADER = "$(TEST_HOST)";
				FRAMEWORK_SEARCH_PATHS = (
					"$(SDKROOT)/Developer/Library/Frameworks",
					"$(inherited)",
				);
				INFOPLIST_FILE = TodoAppTests/Info.plist;
				LD_RUNPATH_SEARCH_PATHS = "$(inherited) @executable_path/Frameworks @loader_path/Frameworks";
				PRODUCT_NAME = "$(TARGET_NAME)";
				TEST_HOST = "$(BUILT_PRODUCTS_DIR)/TodoApp.app/TodoApp";
			};
			name = Release;
		};
/* End XCBuildConfiguration section */

/* Begin XCConfigurationList section */
		F15245C71BA0DC9C006D9799 /* Build configuration list for PBXProject "TodoApp" */ = {
			isa = XCConfigurationList;
			buildConfigurations = (
				F15245ED1BA0DC9C006D9799 /* Debug */,
				F15245EE1BA0DC9C006D9799 /* Release */,
			);
			defaultConfigurationIsVisible = 0;
			defaultConfigurationName = Release;
		};
		F15245EF1BA0DC9C006D9799 /* Build configuration list for PBXNativeTarget "TodoApp" */ = {
			isa = XCConfigurationList;
			buildConfigurations = (
				F15245F01BA0DC9C006D9799 /* Debug */,
				F15245F11BA0DC9C006D9799 /* Release */,
			);
			defaultConfigurationIsVisible = 0;
		};
		F15245F21BA0DC9C006D9799 /* Build configuration list for PBXNativeTarget "TodoAppTests" */ = {
			isa = XCConfigurationList;
			buildConfigurations = (
				F15245F31BA0DC9C006D9799 /* Debug */,
				F15245F41BA0DC9C006D9799 /* Release */,
			);
			defaultConfigurationIsVisible = 0;
		};
/* End XCConfigurationList section */
	};
	rootObject = F15245C41BA0DC9C006D9799 /* Project object */;
}
